<?xml version="1.0" encoding="utf-8"?>
<Project ToolsVersion="4.0" xmlns="http://schemas.microsoft.com/developer/msbuild/2003">
  <ItemGroup>
    <ClInclude Include="src\keyboard.h" />
    <ClInclude Include="src\wrapper.h" />
    <ClInclude Include="..\sdk\inc\enums.h">
      <Filter>include</Filter>
    </ClInclude>
    <ClInclude Include="..\sdk\inc\main.h">
      <Filter>include</Filter>
    </ClInclude>
    <ClInclude Include="..\sdk\inc\natives.h">
      <Filter>include</Filter>
    </ClInclude>
    <ClInclude Include="..\sdk\inc\types.h">
      <Filter>include</Filter>
    </ClInclude>
    <ClInclude Include="src\natives_wrap.h" />
  </ItemGroup>
  <ItemGroup>
    <Filter Include="include">
      <UniqueIdentifier>{fe82bd4a-2d14-486a-8be5-8bf6b50a2414}</UniqueIdentifier>
    </Filter>
  </ItemGroup>
  <ItemGroup>
    <ClCompile Include="src\keyboard.cpp" />
    <ClCompile Include="src\main.cpp" />
    <ClCompile Include="src\wrapper.cpp" />
    <ClCompile Include="src\natives_wrap.cxx" />
  </ItemGroup>
  <ItemGroup>
    <Library Include="..\sdk\lib\ScriptHookV.lib">
      <Filter>include</Filter>
    </Library>
  </ItemGroup>
  <ItemGroup>
    <None Include="src\natives.i" />
  </ItemGroup>
</Project>